version = 1
revision = 3
requires-python = ">=3.14"

[[package]]
name = "camera-calibration"
version = "0.1.0"
source = { virtual = "." }
dependencies = [
    { name = "numpy" },
    { name = "opencv-contrib-python" },
    { name = "opencv-python" },
    { name = "pypylon" },
]

[package.metadata]
requires-dist = [
    { name = "numpy", specifier = ">=2.2.6" },
    { name = "opencv-contrib-python", specifier = ">=4.12.0.88" },
    { name = "opencv-python", specifier = ">=4.12.0.88" },
    { name = "pypylon", specifier = ">=4.2.0" },
]

[[package]]
name = "numpy"
version = "2.2.6"
source = { registry = "https://pypi.org/simple" }
sdist = { url = "https://files.pythonhosted.org/packages/76/21/7d2a95e4bba9dc13d043ee156a356c0a8f0c6309dff6b21b4d71a073b8a8/numpy-2.2.6.tar.gz", hash = "sha256:e29554e2bef54a90aa5cc07da6ce955accb83f21ab5de01a62c8478897b264fd", size = 20276440, upload-time = "2025-05-17T22:38:04.611Z" }

[[package]]
name = "opencv-contrib-python"
version = "4.12.0.88"
source = { registry = "https://pypi.org/simple" }
dependencies = [
    { name = "numpy" },
]
sdist = { url = "https://files.pythonhosted.org/packages/e0/b4/30fb53c33da02626b66dd40ad58dd4aa01eef834e422e098dfc056ed0873/opencv-contrib-python-4.12.0.88.tar.gz", hash = "sha256:0f1e22823aace09067b9a0e8e2b4ba6d7a1ef08807d6cebea315f3133f419a0e", size = 150785997, upload-time = "2025-07-07T09:20:16.755Z" }
wheels = [
    { url = "https://files.pythonhosted.org/packages/26/c7/7cc80acd8a1ef9438542364b41751ecea2e95cf16b8ac4e48ebca643b203/opencv_contrib_python-4.12.0.88-cp37-abi3-macosx_13_0_arm64.whl", hash = "sha256:decc3a2627e03e61ec398919a8647b7f78315bf285e64bcd7dd4501b653f22bc", size = 46854784, upload-time = "2025-07-07T09:16:09.739Z" },
    { url = "https://files.pythonhosted.org/packages/24/50/632534ad4a029aab4e1693664d9116223345af4499c72903e7711a1b44bb/opencv_contrib_python-4.12.0.88-cp37-abi3-macosx_13_0_x86_64.whl", hash = "sha256:e1209da6553b9c2b348fb5c878c2cd0e0121f9335981b7a9735c10d1ef1580ac", size = 67163714, upload-time = "2025-07-07T09:16:22.948Z" },
    { url = "https://files.pythonhosted.org/packages/aa/30/0829882b280f40544a83c69312da4d935ff3d6086c10351c7b1659107b5c/opencv_contrib_python-4.12.0.88-cp37-abi3-manylinux2014_aarch64.manylinux_2_17_aarch64.whl", hash = "sha256:7b3b834d5a2b84f26e5b62ff9ae07a287ab668d2343773372c3b97a335cd7c4f", size = 51290366, upload-time = "2025-07-07T09:16:33.078Z" },
    { url = "https://files.pythonhosted.org/packages/6a/67/905c2c9364dcd450a0997a489fd3976a10a83cd1ebcbd3d039bb2525b54c/opencv_contrib_python-4.12.0.88-cp37-abi3-manylinux2014_x86_64.manylinux_2_17_x86_64.whl", hash = "sha256:ac2627dcdf5bd625706949ada7994524320b656a991315ff6ae70043fc983689", size = 73160002, upload-time = "2025-07-07T09:16:45.815Z" },
    { url = "https://files.pythonhosted.org/packages/5a/78/8110f1de88155241d9df6a701e2e589734a8bf3dbe1fd1a3cd29243c732a/opencv_contrib_python-4.12.0.88-cp37-abi3-win32.whl", hash = "sha256:fe3a5cbc1467c3620aeda3afd8d363886298a6fc85b48d62b2991afab65076c5", size = 36169774, upload-time = "2025-07-07T09:16:54.401Z" },
    { url = "https://files.pythonhosted.org/packages/7f/8c/ec631100261b0fca25cafd1e1a06592e50b3cda8aa08e7c4c14d7b4d7115/opencv_contrib_python-4.12.0.88-cp37-abi3-win_amd64.whl", hash = "sha256:62c20c14fdd794c9d0fbc780b3d52a74bc967d205664d25b3906951abedc9f65", size = 45262376, upload-time = "2025-07-07T09:17:02.868Z" },
]

[[package]]
name = "opencv-python"
version = "4.12.0.88"
source = { registry = "https://pypi.org/simple" }
dependencies = [
    { name = "numpy" },
]
sdist = { url = "https://files.pythonhosted.org/packages/ac/71/25c98e634b6bdeca4727c7f6d6927b056080668c5008ad3c8fc9e7f8f6ec/opencv-python-4.12.0.88.tar.gz", hash = "sha256:8b738389cede219405f6f3880b851efa3415ccd674752219377353f017d2994d", size = 95373294, upload-time = "2025-07-07T09:20:52.389Z" }
wheels = [
    { url = "https://files.pythonhosted.org/packages/85/68/3da40142e7c21e9b1d4e7ddd6c58738feb013203e6e4b803d62cdd9eb96b/opencv_python-4.12.0.88-cp37-abi3-macosx_13_0_arm64.whl", hash = "sha256:f9a1f08883257b95a5764bf517a32d75aec325319c8ed0f89739a57fae9e92a5", size = 37877727, upload-time = "2025-07-07T09:13:31.47Z" },
    { url = "https://files.pythonhosted.org/packages/33/7c/042abe49f58d6ee7e1028eefc3334d98ca69b030e3b567fe245a2b28ea6f/opencv_python-4.12.0.88-cp37-abi3-macosx_13_0_x86_64.whl", hash = "sha256:812eb116ad2b4de43ee116fcd8991c3a687f099ada0b04e68f64899c09448e81", size = 57326471, upload-time = "2025-07-07T09:13:41.26Z" },
    { url = "https://files.pythonhosted.org/packages/62/3a/440bd64736cf8116f01f3b7f9f2e111afb2e02beb2ccc08a6458114a6b5d/opencv_python-4.12.0.88-cp37-abi3-manylinux2014_aarch64.manylinux_2_17_aarch64.whl", hash = "sha256:51fd981c7df6af3e8f70b1556696b05224c4e6b6777bdd2a46b3d4fb09de1a92", size = 45887139, upload-time = "2025-07-07T09:13:50.761Z" },
    { url = "https://files.pythonhosted.org/packages/68/1f/795e7f4aa2eacc59afa4fb61a2e35e510d06414dd5a802b51a012d691b37/opencv_python-4.12.0.88-cp37-abi3-manylinux2014_x86_64.manylinux_2_17_x86_64.whl", hash = "sha256:092c16da4c5a163a818f120c22c5e4a2f96e0db4f24e659c701f1fe629a690f9", size = 67041680, upload-time = "2025-07-07T09:14:01.995Z" },
    { url = "https://files.pythonhosted.org/packages/02/96/213fea371d3cb2f1d537612a105792aa0a6659fb2665b22cad709a75bd94/opencv_python-4.12.0.88-cp37-abi3-win32.whl", hash = "sha256:ff554d3f725b39878ac6a2e1fa232ec509c36130927afc18a1719ebf4fbf4357", size = 30284131, upload-time = "2025-07-07T09:14:08.819Z" },
    { url = "https://files.pythonhosted.org/packages/fa/80/eb88edc2e2b11cd2dd2e56f1c80b5784d11d6e6b7f04a1145df64df40065/opencv_python-4.12.0.88-cp37-abi3-win_amd64.whl", hash = "sha256:d98edb20aa932fd8ebd276a72627dad9dc097695b3d435a4257557bbb49a79d2", size = 39000307, upload-time = "2025-07-07T09:14:16.641Z" },
]

[[package]]
name = "pypylon"
version = "4.2.0"
source = { registry = "https://pypi.org/simple" }
wheels = [
    { url = "https://files.pythonhosted.org/packages/1d/1d/f7e2237566bd4bd0bd38e3a6fb1a6c7ef88e19884290f258b33bdba5d8c5/pypylon-4.2.0-cp39-abi3-macosx_14_0_arm64.whl", hash = "sha256:ee1c89eff3caba2212b29cc3b86ff589b0b1ca131e635a225ae4c37249cf9838", size = 31361506, upload-time = "2025-06-02T11:24:28.14Z" },
    { url = "https://files.pythonhosted.org/packages/eb/19/ae12f9402fa65b4b653e1f7c3e7e7a7332c816ba08dd7ee8ccce9b6f01a8/pypylon-4.2.0-cp39-abi3-macosx_14_0_x86_64.whl", hash = "sha256:75383fb9c6ed0d484e327f7bbe4047123f1e704a23a5c658eca1710a901c8bfe", size = 31444669, upload-time = "2025-06-02T11:24:31.902Z" },
    { url = "https://files.pythonhosted.org/packages/34/3c/4cfae184eb81c225769d25f38a686de529f5fc3759822b9d86095b8b7bc7/pypylon-4.2.0-cp39-abi3-manylinux_2_31_aarch64.whl", hash = "sha256:3a4ba03737d8f70d734577875a387e086ae74ecd165650c0f1141d37bcaf2468", size = 77101763, upload-time = "2025-06-02T11:26:15.436Z" },
    { url = "https://files.pythonhosted.org/packages/c6/cc/2d06b6f3c73808d8e7aff5de954e3ee9ce7a2532be9ea6b62427ac01eece/pypylon-4.2.0-cp39-abi3-manylinux_2_31_x86_64.whl", hash = "sha256:d66b7367e1ddd0b312b785bbc9688de5a2d5f4f083e095084bf5a4a978729d8f", size = 88565547, upload-time = "2025-06-02T11:25:42.34Z" },
    { url = "https://files.pythonhosted.org/packages/9e/85/fb75dafe3ad1b928930efb753c97aec79efe74fbdc1a590516e5e96e01ca/pypylon-4.2.0-cp39-abi3-win_amd64.whl", hash = "sha256:a7a13978f1a8e352b9cecc1334eef06e0bb0262e58dfa4de9bc317c5b8afaf1d", size = 95812459, upload-time = "2025-06-02T11:27:31.648Z" },
]
